// !$*UTF8*$!
{
	archiveVersion = 1;
	classes = {
	};
	objectVersion = 50;
	objects = {

/* Begin PBXBuildFile section */
		1325F165CBA9783028AAAF3D /* Pods_HelloWorld.framework in Frameworks */ = {isa = PBXBuildFile; fileRef = C4857DACA3A96A9FF3707208 /* Pods_HelloWorld.framework */; };
		D0DF0C3124F1785D0095740E /* AppDelegate.swift in Sources */ = {isa = PBXBuildFile; fileRef = D0DF0C3024F1785D0095740E /* AppDelegate.swift */; };
		D0DF0C3324F1785D0095740E /* SceneDelegate.swift in Sources */ = {isa = PBXBuildFile; fileRef = D0DF0C3224F1785D0095740E /* SceneDelegate.swift */; };
		D0DF0C3524F1785D0095740E /* HomeViewController.swift in Sources */ = {isa = PBXBuildFile; fileRef = D0DF0C3424F1785D0095740E /* HomeViewController.swift */; };
		D0DF0C3824F1785D0095740E /* Main.storyboard in Resources */ = {isa = PBXBuildFile; fileRef = D0DF0C3624F1785D0095740E /* Main.storyboard */; };
		D0DF0C3A24F1785E0095740E /* Assets.xcassets in Resources */ = {isa = PBXBuildFile; fileRef = D0DF0C3924F1785E0095740E /* Assets.xcassets */; };
		D0DF0C3D24F1785E0095740E /* LaunchScreen.storyboard in Resources */ = {isa = PBXBuildFile; fileRef = D0DF0C3B24F1785E0095740E /* LaunchScreen.storyboard */; };
		D0DF0C4A24F17C570095740E /* ExploreViewController.swift in Sources */ = {isa = PBXBuildFile; fileRef = D0DF0C4924F17C570095740E /* ExploreViewController.swift */; };
		D0DF0C4D24F17C970095740E /* CameraViewController.swift in Sources */ = {isa = PBXBuildFile; fileRef = D0DF0C4C24F17C970095740E /* CameraViewController.swift */; };
		D0DF0C4F24F17CA70095740E /* NotificationsViewController.swift in Sources */ = {isa = PBXBuildFile; fileRef = D0DF0C4E24F17CA70095740E /* NotificationsViewController.swift */; };
		D0DF0C5124F17CB60095740E /* ProfileViewController.swift in Sources */ = {isa = PBXBuildFile; fileRef = D0DF0C5024F17CB60095740E /* ProfileViewController.swift */; };
		D0DF0C5624F17D0C0095740E /* LoginViewController.swift in Sources */ = {isa = PBXBuildFile; fileRef = D0DF0C5524F17D0C0095740E /* LoginViewController.swift */; };
		D0DF0C5824F17D140095740E /* RegistrationViewController.swift in Sources */ = {isa = PBXBuildFile; fileRef = D0DF0C5724F17D140095740E /* RegistrationViewController.swift */; };
		D0DF0C5A24F17D2E0095740E /* PostViewController.swift in Sources */ = {isa = PBXBuildFile; fileRef = D0DF0C5924F17D2E0095740E /* PostViewController.swift */; };
		D0DF0C5C24F17D610095740E /* EditProfileViewController.swift in Sources */ = {isa = PBXBuildFile; fileRef = D0DF0C5B24F17D610095740E /* EditProfileViewController.swift */; };
		D0DF0C5E24F17D690095740E /* SettingsViewController.swift in Sources */ = {isa = PBXBuildFile; fileRef = D0DF0C5D24F17D690095740E /* SettingsViewController.swift */; };
		D0DF0C6024F17D7B0095740E /* ListViewController.swift in Sources */ = {isa = PBXBuildFile; fileRef = D0DF0C5F24F17D7B0095740E /* ListViewController.swift */; };
		D0DF0C6224F17D910095740E /* SearchViewController.swift in Sources */ = {isa = PBXBuildFile; fileRef = D0DF0C6124F17D900095740E /* SearchViewController.swift */; };
		D0DF0C6424F17D980095740E /* SearchResultsViewController.swift in Sources */ = {isa = PBXBuildFile; fileRef = D0DF0C6324F17D980095740E /* SearchResultsViewController.swift */; };
		D0DF0C6624F17DBD0095740E /* PostEditorViewController.swift in Sources */ = {isa = PBXBuildFile; fileRef = D0DF0C6524F17DBD0095740E /* PostEditorViewController.swift */; };
		D0DF0C6824F17DC90095740E /* PublishPostViewController.swift in Sources */ = {isa = PBXBuildFile; fileRef = D0DF0C6724F17DC90095740E /* PublishPostViewController.swift */; };
/* End PBXBuildFile section */

/* Begin PBXFileReference section */
		9CECD75E8BCC01B5978D51A0 /* Pods-HelloWorld.debug.xcconfig */ = {isa = PBXFileReference; includeInIndex = 1; lastKnownFileType = text.xcconfig; name = "Pods-HelloWorld.debug.xcconfig"; path = "Target Support Files/Pods-HelloWorld/Pods-HelloWorld.debug.xcconfig"; sourceTree = "<group>"; };
		C4857DACA3A96A9FF3707208 /* Pods_HelloWorld.framework */ = {isa = PBXFileReference; explicitFileType = wrapper.framework; includeInIndex = 0; path = Pods_HelloWorld.framework; sourceTree = BUILT_PRODUCTS_DIR; };
		D0DF0C2D24F1785D0095740E /* HelloWorld.app */ = {isa = PBXFileReference; explicitFileType = wrapper.application; includeInIndex = 0; path = HelloWorld.app; sourceTree = BUILT_PRODUCTS_DIR; };
		D0DF0C3024F1785D0095740E /* AppDelegate.swift */ = {isa = PBXFileReference; lastKnownFileType = sourcecode.swift; path = AppDelegate.swift; sourceTree = "<group>"; };
		D0DF0C3224F1785D0095740E /* SceneDelegate.swift */ = {isa = PBXFileReference; lastKnownFileType = sourcecode.swift; path = SceneDelegate.swift; sourceTree = "<group>"; };
		D0DF0C3424F1785D0095740E /* HomeViewController.swift */ = {isa = PBXFileReference; lastKnownFileType = sourcecode.swift; path = HomeViewController.swift; sourceTree = "<group>"; };
		D0DF0C3724F1785D0095740E /* Base */ = {isa = PBXFileReference; lastKnownFileType = file.storyboard; name = Base; path = Base.lproj/Main.storyboard; sourceTree = "<group>"; };
		D0DF0C3924F1785E0095740E /* Assets.xcassets */ = {isa = PBXFileReference; lastKnownFileType = folder.assetcatalog; path = Assets.xcassets; sourceTree = "<group>"; };
		D0DF0C3C24F1785E0095740E /* Base */ = {isa = PBXFileReference; lastKnownFileType = file.storyboard; name = Base; path = Base.lproj/LaunchScreen.storyboard; sourceTree = "<group>"; };
		D0DF0C3E24F1785E0095740E /* Info.plist */ = {isa = PBXFileReference; lastKnownFileType = text.plist.xml; path = Info.plist; sourceTree = "<group>"; };
		D0DF0C4924F17C570095740E /* ExploreViewController.swift */ = {isa = PBXFileReference; lastKnownFileType = sourcecode.swift; path = ExploreViewController.swift; sourceTree = "<group>"; };
		D0DF0C4C24F17C970095740E /* CameraViewController.swift */ = {isa = PBXFileReference; lastKnownFileType = sourcecode.swift; path = CameraViewController.swift; sourceTree = "<group>"; };
		D0DF0C4E24F17CA70095740E /* NotificationsViewController.swift */ = {isa = PBXFileReference; lastKnownFileType = sourcecode.swift; path = NotificationsViewController.swift; sourceTree = "<group>"; };
		D0DF0C5024F17CB60095740E /* ProfileViewController.swift */ = {isa = PBXFileReference; lastKnownFileType = sourcecode.swift; path = ProfileViewController.swift; sourceTree = "<group>"; };
		D0DF0C5524F17D0C0095740E /* LoginViewController.swift */ = {isa = PBXFileReference; lastKnownFileType = sourcecode.swift; path = LoginViewController.swift; sourceTree = "<group>"; };
		D0DF0C5724F17D140095740E /* RegistrationViewController.swift */ = {isa = PBXFileReference; lastKnownFileType = sourcecode.swift; path = RegistrationViewController.swift; sourceTree = "<group>"; };
		D0DF0C5924F17D2E0095740E /* PostViewController.swift */ = {isa = PBXFileReference; lastKnownFileType = sourcecode.swift; path = PostViewController.swift; sourceTree = "<group>"; };
		D0DF0C5B24F17D610095740E /* EditProfileViewController.swift */ = {isa = PBXFileReference; lastKnownFileType = sourcecode.swift; path = EditProfileViewController.swift; sourceTree = "<group>"; };
		D0DF0C5D24F17D690095740E /* SettingsViewController.swift */ = {isa = PBXFileReference; lastKnownFileType = sourcecode.swift; path = SettingsViewController.swift; sourceTree = "<group>"; };
		D0DF0C5F24F17D7B0095740E /* ListViewController.swift */ = {isa = PBXFileReference; lastKnownFileType = sourcecode.swift; path = ListViewController.swift; sourceTree = "<group>"; };
		D0DF0C6124F17D900095740E /* SearchViewController.swift */ = {isa = PBXFileReference; lastKnownFileType = sourcecode.swift; path = SearchViewController.swift; sourceTree = "<group>"; };
		D0DF0C6324F17D980095740E /* SearchResultsViewController.swift */ = {isa = PBXFileReference; lastKnownFileType = sourcecode.swift; path = SearchResultsViewController.swift; sourceTree = "<group>"; };
		D0DF0C6524F17DBD0095740E /* PostEditorViewController.swift */ = {isa = PBXFileReference; lastKnownFileType = sourcecode.swift; path = PostEditorViewController.swift; sourceTree = "<group>"; };
		D0DF0C6724F17DC90095740E /* PublishPostViewController.swift */ = {isa = PBXFileReference; lastKnownFileType = sourcecode.swift; path = PublishPostViewController.swift; sourceTree = "<group>"; };
		D1435BE5258C943D2E515627 /* Pods-HelloWorld.release.xcconfig */ = {isa = PBXFileReference; includeInIndex = 1; lastKnownFileType = text.xcconfig; name = "Pods-HelloWorld.release.xcconfig"; path = "Target Support Files/Pods-HelloWorld/Pods-HelloWorld.release.xcconfig"; sourceTree = "<group>"; };
/* End PBXFileReference section */

/* Begin PBXFrameworksBuildPhase section */
		D0DF0C2A24F1785D0095740E /* Frameworks */ = {
			isa = PBXFrameworksBuildPhase;
			buildActionMask = 2147483647;
			files = (
				1325F165CBA9783028AAAF3D /* Pods_HelloWorld.framework in Frameworks */,
			);
			runOnlyForDeploymentPostprocessing = 0;
		};
/* End PBXFrameworksBuildPhase section */

/* Begin PBXGroup section */
		084F1A48932E3F82DD84B5EE /* Frameworks */ = {
			isa = PBXGroup;
			children = (
				C4857DACA3A96A9FF3707208 /* Pods_HelloWorld.framework */,
			);
			name = Frameworks;
			sourceTree = "<group>";
		};
		0B1BF75BC4CC897F4A6A3F43 /* Pods */ = {
			isa = PBXGroup;
			children = (
				9CECD75E8BCC01B5978D51A0 /* Pods-HelloWorld.debug.xcconfig */,
				D1435BE5258C943D2E515627 /* Pods-HelloWorld.release.xcconfig */,
			);
			name = Pods;
			path = Pods;
			sourceTree = "<group>";
		};
		D0DF0C2424F1785D0095740E = {
			isa = PBXGroup;
			children = (
				D0DF0C2F24F1785D0095740E /* HelloWorld */,
				D0DF0C2E24F1785D0095740E /* Products */,
				0B1BF75BC4CC897F4A6A3F43 /* Pods */,
				084F1A48932E3F82DD84B5EE /* Frameworks */,
			);
			sourceTree = "<group>";
		};
		D0DF0C2E24F1785D0095740E /* Products */ = {
			isa = PBXGroup;
			children = (
				D0DF0C2D24F1785D0095740E /* HelloWorld.app */,
			);
			name = Products;
			sourceTree = "<group>";
		};
		D0DF0C2F24F1785D0095740E /* HelloWorld */ = {
			isa = PBXGroup;
			children = (
				D0DF0C4424F179C40095740E /* Resources */,
				D0DF0C4724F179D40095740E /* Models */,
				D0DF0C4524F179CA0095740E /* Views */,
				D0DF0C4624F179CF0095740E /* Controllers */,
				D0DF0C3E24F1785E0095740E /* Info.plist */,
			);
			path = HelloWorld;
			sourceTree = "<group>";
		};
		D0DF0C4424F179C40095740E /* Resources */ = {
			isa = PBXGroup;
			children = (
				D0DF0C3024F1785D0095740E /* AppDelegate.swift */,
				D0DF0C3224F1785D0095740E /* SceneDelegate.swift */,
			);
			path = Resources;
			sourceTree = "<group>";
		};
		D0DF0C4524F179CA0095740E /* Views */ = {
			isa = PBXGroup;
			children = (
				D0DF0C3924F1785E0095740E /* Assets.xcassets */,
				D0DF0C4824F179D90095740E /* Storyboards */,
			);
			path = Views;
			sourceTree = "<group>";
		};
		D0DF0C4624F179CF0095740E /* Controllers */ = {
			isa = PBXGroup;
			children = (
				D0DF0C5324F17CF70095740E /* Other */,
				D0DF0C5224F17CC80095740E /* Core Tabs */,
			);
			path = Controllers;
			sourceTree = "<group>";
		};
		D0DF0C4724F179D40095740E /* Models */ = {
			isa = PBXGroup;
			children = (
			);
			path = Models;
			sourceTree = "<group>";
		};
		D0DF0C4824F179D90095740E /* Storyboards */ = {
			isa = PBXGroup;
			children = (
				D0DF0C3624F1785D0095740E /* Main.storyboard */,
				D0DF0C3B24F1785E0095740E /* LaunchScreen.storyboard */,
			);
			path = Storyboards;
			sourceTree = "<group>";
		};
		D0DF0C5224F17CC80095740E /* Core Tabs */ = {
			isa = PBXGroup;
			children = (
				D0DF0C3424F1785D0095740E /* HomeViewController.swift */,
				D0DF0C4924F17C570095740E /* ExploreViewController.swift */,
				D0DF0C4C24F17C970095740E /* CameraViewController.swift */,
				D0DF0C4E24F17CA70095740E /* NotificationsViewController.swift */,
				D0DF0C5024F17CB60095740E /* ProfileViewController.swift */,
			);
			path = "Core Tabs";
			sourceTree = "<group>";
		};
		D0DF0C5324F17CF70095740E /* Other */ = {
			isa = PBXGroup;
			children = (
				D0DF0C5424F17CFE0095740E /* Onboarding */,
				D0DF0C5924F17D2E0095740E /* PostViewController.swift */,
				D0DF0C5B24F17D610095740E /* EditProfileViewController.swift */,
				D0DF0C5D24F17D690095740E /* SettingsViewController.swift */,
				D0DF0C5F24F17D7B0095740E /* ListViewController.swift */,
				D0DF0C6124F17D900095740E /* SearchViewController.swift */,
				D0DF0C6324F17D980095740E /* SearchResultsViewController.swift */,
				D0DF0C6524F17DBD0095740E /* PostEditorViewController.swift */,
				D0DF0C6724F17DC90095740E /* PublishPostViewController.swift */,
			);
			path = Other;
			sourceTree = "<group>";
		};
		D0DF0C5424F17CFE0095740E /* Onboarding */ = {
			isa = PBXGroup;
			children = (
				D0DF0C5524F17D0C0095740E /* LoginViewController.swift */,
				D0DF0C5724F17D140095740E /* RegistrationViewController.swift */,
			);
			path = Onboarding;
			sourceTree = "<group>";
		};
/* End PBXGroup section */

/* Begin PBXNativeTarget section */
		D0DF0C2C24F1785D0095740E /* HelloWorld */ = {
			isa = PBXNativeTarget;
			buildConfigurationList = D0DF0C4124F1785E0095740E /* Build configuration list for PBXNativeTarget "HelloWorld" */;
			buildPhases = (
				53012715AC4791B2779F65F9 /* [CP] Check Pods Manifest.lock */,
				D0DF0C2924F1785D0095740E /* Sources */,
				D0DF0C2A24F1785D0095740E /* Frameworks */,
				D0DF0C2B24F1785D0095740E /* Resources */,
				F593D06C9FF04EE62D2009D2 /* [CP] Embed Pods Frameworks */,
			);
			buildRules = (
			);
			dependencies = (
			);
			name = HelloWorld;
			productName = HelloWorld;
			productReference = D0DF0C2D24F1785D0095740E /* HelloWorld.app */;
			productType = "com.apple.product-type.application";
		};
/* End PBXNativeTarget section */

/* Begin PBXProject section */
		D0DF0C2524F1785D0095740E /* Project object */ = {
			isa = PBXProject;
			attributes = {
				LastSwiftUpdateCheck = 1160;
				LastUpgradeCheck = 1160;
				ORGANIZATIONNAME = "Justin Brown";
				TargetAttributes = {
					D0DF0C2C24F1785D0095740E = {
						CreatedOnToolsVersion = 11.6;
					};
				};
			};
			buildConfigurationList = D0DF0C2824F1785D0095740E /* Build configuration list for PBXProject "HelloWorld" */;
			compatibilityVersion = "Xcode 9.3";
			developmentRegion = en;
			hasScannedForEncodings = 0;
			knownRegions = (
				en,
				Base,
			);
			mainGroup = D0DF0C2424F1785D0095740E;
			productRefGroup = D0DF0C2E24F1785D0095740E /* Products */;
			projectDirPath = "";
			projectRoot = "";
			targets = (
				D0DF0C2C24F1785D0095740E /* HelloWorld */,
			);
		};
/* End PBXProject section */

/* Begin PBXResourcesBuildPhase section */
		D0DF0C2B24F1785D0095740E /* Resources */ = {
			isa = PBXResourcesBuildPhase;
			buildActionMask = 2147483647;
			files = (
				D0DF0C3D24F1785E0095740E /* LaunchScreen.storyboard in Resources */,
				D0DF0C3A24F1785E0095740E /* Assets.xcassets in Resources */,
				D0DF0C3824F1785D0095740E /* Main.storyboard in Resources */,
			);
			runOnlyForDeploymentPostprocessing = 0;
		};
/* End PBXResourcesBuildPhase section */

/* Begin PBXShellScriptBuildPhase section */
		53012715AC4791B2779F65F9 /* [CP] Check Pods Manifest.lock */ = {
			isa = PBXShellScriptBuildPhase;
			buildActionMask = 2147483647;
			files = (
			);
			inputFileListPaths = (
			);
			inputPaths = (
				"${PODS_PODFILE_DIR_PATH}/Podfile.lock",
				"${PODS_ROOT}/Manifest.lock",
			);
			name = "[CP] Check Pods Manifest.lock";
			outputFileListPaths = (
			);
			outputPaths = (
				"$(DERIVED_FILE_DIR)/Pods-HelloWorld-checkManifestLockResult.txt",
			);
			runOnlyForDeploymentPostprocessing = 0;
			shellPath = /bin/sh;
			shellScript = "diff \"${PODS_PODFILE_DIR_PATH}/Podfile.lock\" \"${PODS_ROOT}/Manifest.lock\" > /dev/null\nif [ $? != 0 ] ; then\n    # print error to STDERR\n    echo \"error: The sandbox is not in sync with the Podfile.lock. Run 'pod install' or update your CocoaPods installation.\" >&2\n    exit 1\nfi\n# This output is used by Xcode 'outputs' to avoid re-running this script phase.\necho \"SUCCESS\" > \"${SCRIPT_OUTPUT_FILE_0}\"\n";
			showEnvVarsInLog = 0;
		};
		F593D06C9FF04EE62D2009D2 /* [CP] Embed Pods Frameworks */ = {
			isa = PBXShellScriptBuildPhase;
			buildActionMask = 2147483647;
			files = (
			);
			inputFileListPaths = (
				"${PODS_ROOT}/Target Support Files/Pods-HelloWorld/Pods-HelloWorld-frameworks-${CONFIGURATION}-input-files.xcfilelist",
			);
			name = "[CP] Embed Pods Frameworks";
			outputFileListPaths = (
				"${PODS_ROOT}/Target Support Files/Pods-HelloWorld/Pods-HelloWorld-frameworks-${CONFIGURATION}-output-files.xcfilelist",
			);
			runOnlyForDeploymentPostprocessing = 0;
			shellPath = /bin/sh;
			shellScript = "\"${PODS_ROOT}/Target Support Files/Pods-HelloWorld/Pods-HelloWorld-frameworks.sh\"\n";
			showEnvVarsInLog = 0;
		};
/* End PBXShellScriptBuildPhase section */

/* Begin PBXSourcesBuildPhase section */
		D0DF0C2924F1785D0095740E /* Sources */ = {
			isa = PBXSourcesBuildPhase;
			buildActionMask = 2147483647;
			files = (
				D0DF0C5C24F17D610095740E /* EditProfileViewController.swift in Sources */,
				D0DF0C4A24F17C570095740E /* ExploreViewController.swift in Sources */,
				D0DF0C6824F17DC90095740E /* PublishPostViewController.swift in Sources */,
				D0DF0C4D24F17C970095740E /* CameraViewController.swift in Sources */,
				D0DF0C3524F1785D0095740E /* HomeViewController.swift in Sources */,
				D0DF0C6424F17D980095740E /* SearchResultsViewController.swift in Sources */,
				D0DF0C6624F17DBD0095740E /* PostEditorViewController.swift in Sources */,
				D0DF0C5824F17D140095740E /* RegistrationViewController.swift in Sources */,
				D0DF0C5A24F17D2E0095740E /* PostViewController.swift in Sources */,
				D0DF0C4F24F17CA70095740E /* NotificationsViewController.swift in Sources */,
				D0DF0C5624F17D0C0095740E /* LoginViewController.swift in Sources */,
				D0DF0C6224F17D910095740E /* SearchViewController.swift in Sources */,
				D0DF0C5124F17CB60095740E /* ProfileViewController.swift in Sources */,
				D0DF0C3124F1785D0095740E /* AppDelegate.swift in Sources */,
				D0DF0C3324F1785D0095740E /* SceneDelegate.swift in Sources */,
				D0DF0C6024F17D7B0095740E /* ListViewController.swift in Sources */,
				D0DF0C5E24F17D690095740E /* SettingsViewController.swift in Sources */,
			);
			runOnlyForDeploymentPostprocessing = 0;
		};
/* End PBXSourcesBuildPhase section */

/* Begin PBXVariantGroup section */
		D0DF0C3624F1785D0095740E /* Main.storyboard */ = {
			isa = PBXVariantGroup;
			children = (
				D0DF0C3724F1785D0095740E /* Base */,
			);
			name = Main.storyboard;
			sourceTree = "<group>";
		};
		D0DF0C3B24F1785E0095740E /* LaunchScreen.storyboard */ = {
			isa = PBXVariantGroup;
			children = (
				D0DF0C3C24F1785E0095740E /* Base */,
			);
			name = LaunchScreen.storyboard;
			sourceTree = "<group>";
		};
/* End PBXVariantGroup section */

/* Begin XCBuildConfiguration section */
		D0DF0C3F24F1785E0095740E /* Debug */ = {
			isa = XCBuildConfiguration;
			buildSettings = {
				ALWAYS_SEARCH_USER_PATHS = NO;
				CLANG_ANALYZER_NONNULL = YES;
				CLANG_ANALYZER_NUMBER_OBJECT_CONVERSION = YES_AGGRESSIVE;
				CLANG_CXX_LANGUAGE_STANDARD = "gnu++14";
				CLANG_CXX_LIBRARY = "libc++";
				CLANG_ENABLE_MODULES = YES;
				CLANG_ENABLE_OBJC_ARC = YES;
				CLANG_ENABLE_OBJC_WEAK = YES;
				CLANG_WARN_BLOCK_CAPTURE_AUTORELEASING = YES;
				CLANG_WARN_BOOL_CONVERSION = YES;
				CLANG_WARN_COMMA = YES;
				CLANG_WARN_CONSTANT_CONVERSION = YES;
				CLANG_WARN_DEPRECATED_OBJC_IMPLEMENTATIONS = YES;
				CLANG_WARN_DIRECT_OBJC_ISA_USAGE = YES_ERROR;
				CLANG_WARN_DOCUMENTATION_COMMENTS = YES;
				CLANG_WARN_EMPTY_BODY = YES;
				CLANG_WARN_ENUM_CONVERSION = YES;
				CLANG_WARN_INFINITE_RECURSION = YES;
				CLANG_WARN_INT_CONVERSION = YES;
				CLANG_WARN_NON_LITERAL_NULL_CONVERSION = YES;
				CLANG_WARN_OBJC_IMPLICIT_RETAIN_SELF = YES;
				CLANG_WARN_OBJC_LITERAL_CONVERSION = YES;
				CLANG_WARN_OBJC_ROOT_CLASS = YES_ERROR;
				CLANG_WARN_RANGE_LOOP_ANALYSIS = YES;
				CLANG_WARN_STRICT_PROTOTYPES = YES;
				CLANG_WARN_SUSPICIOUS_MOVE = YES;
				CLANG_WARN_UNGUARDED_AVAILABILITY = YES_AGGRESSIVE;
				CLANG_WARN_UNREACHABLE_CODE = YES;
				CLANG_WARN__DUPLICATE_METHOD_MATCH = YES;
				COPY_PHASE_STRIP = NO;
				DEBUG_INFORMATION_FORMAT = dwarf;
				ENABLE_STRICT_OBJC_MSGSEND = YES;
				ENABLE_TESTABILITY = YES;
				GCC_C_LANGUAGE_STANDARD = gnu11;
				GCC_DYNAMIC_NO_PIC = NO;
				GCC_NO_COMMON_BLOCKS = YES;
				GCC_OPTIMIZATION_LEVEL = 0;
				GCC_PREPROCESSOR_DEFINITIONS = (
					"DEBUG=1",
					"$(inherited)",
				);
				GCC_WARN_64_TO_32_BIT_CONVERSION = YES;
				GCC_WARN_ABOUT_RETURN_TYPE = YES_ERROR;
				GCC_WARN_UNDECLARED_SELECTOR = YES;
				GCC_WARN_UNINITIALIZED_AUTOS = YES_AGGRESSIVE;
				GCC_WARN_UNUSED_FUNCTION = YES;
				GCC_WARN_UNUSED_VARIABLE = YES;
				IPHONEOS_DEPLOYMENT_TARGET = 13.6;
				MTL_ENABLE_DEBUG_INFO = INCLUDE_SOURCE;
				MTL_FAST_MATH = YES;
				ONLY_ACTIVE_ARCH = YES;
				SDKROOT = iphoneos;
				SWIFT_ACTIVE_COMPILATION_CONDITIONS = DEBUG;
				SWIFT_OPTIMIZATION_LEVEL = "-Onone";
			};
			name = Debug;
		};
		D0DF0C4024F1785E0095740E /* Release */ = {
			isa = XCBuildConfiguration;
			buildSettings = {
				ALWAYS_SEARCH_USER_PATHS = NO;
				CLANG_ANALYZER_NONNULL = YES;
				CLANG_ANALYZER_NUMBER_OBJECT_CONVERSION = YES_AGGRESSIVE;
				CLANG_CXX_LANGUAGE_STANDARD = "gnu++14";
				CLANG_CXX_LIBRARY = "libc++";
				CLANG_ENABLE_MODULES = YES;
				CLANG_ENABLE_OBJC_ARC = YES;
				CLANG_ENABLE_OBJC_WEAK = YES;
				CLANG_WARN_BLOCK_CAPTURE_AUTORELEASING = YES;
				CLANG_WARN_BOOL_CONVERSION = YES;
				CLANG_WARN_COMMA = YES;
				CLANG_WARN_CONSTANT_CONVERSION = YES;
				CLANG_WARN_DEPRECATED_OBJC_IMPLEMENTATIONS = YES;
				CLANG_WARN_DIRECT_OBJC_ISA_USAGE = YES_ERROR;
				CLANG_WARN_DOCUMENTATION_COMMENTS = YES;
				CLANG_WARN_EMPTY_BODY = YES;
				CLANG_WARN_ENUM_CONVERSION = YES;
				CLANG_WARN_INFINITE_RECURSION = YES;
				CLANG_WARN_INT_CONVERSION = YES;
				CLANG_WARN_NON_LITERAL_NULL_CONVERSION = YES;
				CLANG_WARN_OBJC_IMPLICIT_RETAIN_SELF = YES;
				CLANG_WARN_OBJC_LITERAL_CONVERSION = YES;
				CLANG_WARN_OBJC_ROOT_CLASS = YES_ERROR;
				CLANG_WARN_RANGE_LOOP_ANALYSIS = YES;
				CLANG_WARN_STRICT_PROTOTYPES = YES;
				CLANG_WARN_SUSPICIOUS_MOVE = YES;
				CLANG_WARN_UNGUARDED_AVAILABILITY = YES_AGGRESSIVE;
				CLANG_WARN_UNREACHABLE_CODE = YES;
				CLANG_WARN__DUPLICATE_METHOD_MATCH = YES;
				COPY_PHASE_STRIP = NO;
				DEBUG_INFORMATION_FORMAT = "dwarf-with-dsym";
				ENABLE_NS_ASSERTIONS = NO;
				ENABLE_STRICT_OBJC_MSGSEND = YES;
				GCC_C_LANGUAGE_STANDARD = gnu11;
				GCC_NO_COMMON_BLOCKS = YES;
				GCC_WARN_64_TO_32_BIT_CONVERSION = YES;
				GCC_WARN_ABOUT_RETURN_TYPE = YES_ERROR;
				GCC_WARN_UNDECLARED_SELECTOR = YES;
				GCC_WARN_UNINITIALIZED_AUTOS = YES_AGGRESSIVE;
				GCC_WARN_UNUSED_FUNCTION = YES;
				GCC_WARN_UNUSED_VARIABLE = YES;
				IPHONEOS_DEPLOYMENT_TARGET = 13.6;
				MTL_ENABLE_DEBUG_INFO = NO;
				MTL_FAST_MATH = YES;
				SDKROOT = iphoneos;
				SWIFT_COMPILATION_MODE = wholemodule;
				SWIFT_OPTIMIZATION_LEVEL = "-O";
				VALIDATE_PRODUCT = YES;
			};
			name = Release;
		};
		D0DF0C4224F1785E0095740E /* Debug */ = {
			isa = XCBuildConfiguration;
			baseConfigurationReference = 9CECD75E8BCC01B5978D51A0 /* Pods-HelloWorld.debug.xcconfig */;
			buildSettings = {
				ASSETCATALOG_COMPILER_APPICON_NAME = AppIcon;
				CODE_SIGN_STYLE = Automatic;
				INFOPLIST_FILE = HelloWorld/Info.plist;
				LD_RUNPATH_SEARCH_PATHS = (
					"$(inherited)",
					"@executable_path/Frameworks",
				);
				PRODUCT_BUNDLE_IDENTIFIER = com.justinbrown.HelloWorld;
				PRODUCT_NAME = "$(TARGET_NAME)";
				SWIFT_VERSION = 5.0;
				TARGETED_DEVICE_FAMILY = "1,2";
			};
			name = Debug;
		};
		D0DF0C4324F1785E0095740E /* Release */ = {
			isa = XCBuildConfiguration;
			baseConfigurationReference = D1435BE5258C943D2E515627 /* Pods-HelloWorld.release.xcconfig */;
			buildSettings = {
				ASSETCATALOG_COMPILER_APPICON_NAME = AppIcon;
				CODE_SIGN_STYLE = Automatic;
				INFOPLIST_FILE = HelloWorld/Info.plist;
				LD_RUNPATH_SEARCH_PATHS = (
					"$(inherited)",
					"@executable_path/Frameworks",
				);
				PRODUCT_BUNDLE_IDENTIFIER = com.justinbrown.HelloWorld;
				PRODUCT_NAME = "$(TARGET_NAME)";
				SWIFT_VERSION = 5.0;
				TARGETED_DEVICE_FAMILY = "1,2";
			};
			name = Release;
		};
/* End XCBuildConfiguration section */

/* Begin XCConfigurationList section */
		D0DF0C2824F1785D0095740E /* Build configuration list for PBXProject "HelloWorld" */ = {
			isa = XCConfigurationList;
			buildConfigurations = (
				D0DF0C3F24F1785E0095740E /* Debug */,
				D0DF0C4024F1785E0095740E /* Release */,
			);
			defaultConfigurationIsVisible = 0;
			defaultConfigurationName = Release;
		};
		D0DF0C4124F1785E0095740E /* Build configuration list for PBXNativeTarget "HelloWorld" */ = {
			isa = XCConfigurationList;
			buildConfigurations = (
				D0DF0C4224F1785E0095740E /* Debug */,
				D0DF0C4324F1785E0095740E /* Release */,
			);
			defaultConfigurationIsVisible = 0;
			defaultConfigurationName = Release;
		};
/* End XCConfigurationList section */
	};
	rootObject = D0DF0C2524F1785D0095740E /* Project object */;
}
